{
  "object": {
    "pins": [
      {
        "package": "IBMSwiftSDKCore",
        "repositoryURL": "https://github.com/IBM/swift-sdk-core",
        "state": {
          "branch": null,
          "revision": "34cc067ed2aa275bd09f9829f1966903d00c072a",
          "version": "1.1.0"
        }
      }
    ]
  },
  "version": 1
}